{
  "name": "package",
  "lockfileVersion": 2,
  "requires": true,
  "packages": {
    "": {
      "dependencies": {
        "@gamex/cc-ecs": "^1.3.6",
        "@gamex/cc-expand": "^1.0.0",
        "@gamex/cc-quadtree": "^1.0.3"
      }
    },
    "node_modules/@gamex/cc-ecs": {
      "version": "1.3.13",
      "resolved": "https://registry.npmjs.org/@gamex/cc-ecs/-/cc-ecs-1.3.13.tgz",
      "integrity": "sha512-KUWGmvrMI6QjGycee0UOdEgpe3yyV4+OxlMkp0uLM/9Yv3He7upLfHEeG83ouIfeYd1uV8KsTu0iFIv7Nnn3qg=="
    },
    "node_modules/@gamex/cc-expand": {
      "version": "1.1.0",
      "resolved": "https://registry.npmjs.org/@gamex/cc-expand/-/cc-expand-1.1.0.tgz",
      "integrity": "sha512-wlvfJ1M0BGseCwH+GW5sa4OH5ydM3JjernbLURaUpKoOITZUipfVra0o4yzkxGzo4fOug2P7VkNev+wJrPuqvg=="
    },
    "node_modules/@gamex/cc-quadtree": {
      "version": "1.1.2",
      "resolved": "https://registry.npmjs.org/@gamex/cc-quadtree/-/cc-quadtree-1.1.2.tgz",
      "integrity": "sha512-iga6473iuOMNpiWIGBaHqgBMfkaDzi8uBczOUJTtslandmHXThp7KMRAIry20rQaQomuMx8XPxA7j3r6DqQyGA=="
    }
  },
  "dependencies": {
    "@gamex/cc-ecs": {
      "version": "1.3.13",
      "resolved": "https://registry.npmjs.org/@gamex/cc-ecs/-/cc-ecs-1.3.13.tgz",
      "integrity": "sha512-KUWGmvrMI6QjGycee0UOdEgpe3yyV4+OxlMkp0uLM/9Yv3He7upLfHEeG83ouIfeYd1uV8KsTu0iFIv7Nnn3qg=="
    },
    "@gamex/cc-expand": {
      "version": "1.1.0",
      "resolved": "https://registry.npmjs.org/@gamex/cc-expand/-/cc-expand-1.1.0.tgz",
      "integrity": "sha512-wlvfJ1M0BGseCwH+GW5sa4OH5ydM3JjernbLURaUpKoOITZUipfVra0o4yzkxGzo4fOug2P7VkNev+wJrPuqvg=="
    },
    "@gamex/cc-quadtree": {
      "version": "1.1.2",
      "resolved": "https://registry.npmjs.org/@gamex/cc-quadtree/-/cc-quadtree-1.1.2.tgz",
      "integrity": "sha512-iga6473iuOMNpiWIGBaHqgBMfkaDzi8uBczOUJTtslandmHXThp7KMRAIry20rQaQomuMx8XPxA7j3r6DqQyGA=="
    }
  }
}
